// !$*UTF8*$!
{
	archiveVersion = 1;
	classes = {
	};
	objectVersion = 46;
	objects = {

/* Begin PBXBuildFile section */
		1671B1561DE8CBA100ED5239 /* AppDelegate.swift in Sources */ = {isa = PBXBuildFile; fileRef = 1671B1551DE8CBA100ED5239 /* AppDelegate.swift */; };
		1671B1581DE8CBA100ED5239 /* ViewController.swift in Sources */ = {isa = PBXBuildFile; fileRef = 1671B1571DE8CBA100ED5239 /* ViewController.swift */; };
		1671B15B1DE8CBA100ED5239 /* Main.storyboard in Resources */ = {isa = PBXBuildFile; fileRef = 1671B1591DE8CBA100ED5239 /* Main.storyboard */; };
		1671B15D1DE8CBA100ED5239 /* Assets.xcassets in Resources */ = {isa = PBXBuildFile; fileRef = 1671B15C1DE8CBA100ED5239 /* Assets.xcassets */; };
		1671B1601DE8CBA100ED5239 /* LaunchScreen.storyboard in Resources */ = {isa = PBXBuildFile; fileRef = 1671B15E1DE8CBA100ED5239 /* LaunchScreen.storyboard */; };
		1671B16A1DE8CC2F00ED5239 /* SwiftyDraw.swift in Sources */ = {isa = PBXBuildFile; fileRef = 1671B1691DE8CC2F00ED5239 /* SwiftyDraw.swift */; };
		1671B16C1DE8D95E00ED5239 /* ColorButton.swift in Sources */ = {isa = PBXBuildFile; fileRef = 1671B16B1DE8D95E00ED5239 /* ColorButton.swift */; };
		9D1CBC9C2021B51900C1D6DA /* SimpleVertexShader.glsl in Resources */ = {isa = PBXBuildFile; fileRef = 9D1CBC992021B51900C1D6DA /* SimpleVertexShader.glsl */; };
		9D1CBC9D2021B51900C1D6DA /* summary.txt in Resources */ = {isa = PBXBuildFile; fileRef = 9D1CBC9A2021B51900C1D6DA /* summary.txt */; };
		9D1CBC9E2021B51900C1D6DA /* SimpleFragmentShader.glsl in Resources */ = {isa = PBXBuildFile; fileRef = 9D1CBC9B2021B51900C1D6DA /* SimpleFragmentShader.glsl */; };
		9D1CBCA72021B52700C1D6DA /* razewarelogo_128.png in Resources */ = {isa = PBXBuildFile; fileRef = 9D1CBC9F2021B52600C1D6DA /* razewarelogo_128.png */; };
		9D1CBCA82021B52700C1D6DA /* dice2.png in Resources */ = {isa = PBXBuildFile; fileRef = 9D1CBCA02021B52600C1D6DA /* dice2.png */; };
		9D1CBCA92021B52700C1D6DA /* dice5.png in Resources */ = {isa = PBXBuildFile; fileRef = 9D1CBCA12021B52600C1D6DA /* dice5.png */; };
		9D1CBCAA2021B52700C1D6DA /* dice4.png in Resources */ = {isa = PBXBuildFile; fileRef = 9D1CBCA22021B52600C1D6DA /* dice4.png */; };
		9D1CBCAB2021B52700C1D6DA /* dice3.png in Resources */ = {isa = PBXBuildFile; fileRef = 9D1CBCA32021B52600C1D6DA /* dice3.png */; };
		9D1CBCAC2021B52700C1D6DA /* dice6.png in Resources */ = {isa = PBXBuildFile; fileRef = 9D1CBCA42021B52600C1D6DA /* dice6.png */; };
		9D1CBCAD2021B52700C1D6DA /* dice1.png in Resources */ = {isa = PBXBuildFile; fileRef = 9D1CBCA52021B52600C1D6DA /* dice1.png */; };
		9D1CBCAE2021B52700C1D6DA /* dungeon_01.png in Resources */ = {isa = PBXBuildFile; fileRef = 9D1CBCA62021B52600C1D6DA /* dungeon_01.png */; };
		9D1CBCB02021B53900C1D6DA /* BaseEffect.swift in Sources */ = {isa = PBXBuildFile; fileRef = 9D1CBCAF2021B53900C1D6DA /* BaseEffect.swift */; };
		9D1CBCB62021B54B00C1D6DA /* GLKMatrix+Array.swift in Sources */ = {isa = PBXBuildFile; fileRef = 9D1CBCB12021B54A00C1D6DA /* GLKMatrix+Array.swift */; };
		9D1CBCB72021B54B00C1D6DA /* Cube.swift in Sources */ = {isa = PBXBuildFile; fileRef = 9D1CBCB22021B54A00C1D6DA /* Cube.swift */; };
		9D1CBCB82021B54B00C1D6DA /* Vertex.swift in Sources */ = {isa = PBXBuildFile; fileRef = 9D1CBCB32021B54A00C1D6DA /* Vertex.swift */; };
		9D1CBCB92021B54B00C1D6DA /* Model.swift in Sources */ = {isa = PBXBuildFile; fileRef = 9D1CBCB42021B54A00C1D6DA /* Model.swift */; };
		9D1CBCBA2021B54B00C1D6DA /* Square.swift in Sources */ = {isa = PBXBuildFile; fileRef = 9D1CBCB52021B54B00C1D6DA /* Square.swift */; };
		9D1CBCBC2021BBCD00C1D6DA /* ViewControllerGL.swift in Sources */ = {isa = PBXBuildFile; fileRef = 9D1CBCBB2021BBCD00C1D6DA /* ViewControllerGL.swift */; };
		9D7289A5203AB6BB0060D42B /* Tetrahedron.swift in Sources */ = {isa = PBXBuildFile; fileRef = 9D7289A4203AB6BB0060D42B /* Tetrahedron.swift */; };
		9D7289A7203AB6D70060D42B /* TriangularPole.swift in Sources */ = {isa = PBXBuildFile; fileRef = 9D7289A6203AB6D70060D42B /* TriangularPole.swift */; };
		9D7289AD203ABFCE0060D42B /* DataCenter.swift in Sources */ = {isa = PBXBuildFile; fileRef = 9D7289AC203ABFCE0060D42B /* DataCenter.swift */; };
		D1A981C1202980C000504333 /* MainViewController.swift in Sources */ = {isa = PBXBuildFile; fileRef = D1A981C0202980C000504333 /* MainViewController.swift */; };
		D1A981C3202983D700504333 /* CustomCell.swift in Sources */ = {isa = PBXBuildFile; fileRef = D1A981C2202983D700504333 /* CustomCell.swift */; };
/* End PBXBuildFile section */

/* Begin PBXFileReference section */
		1671B1521DE8CBA100ED5239 /* SwiftyDrawExample.app */ = {isa = PBXFileReference; explicitFileType = wrapper.application; includeInIndex = 0; path = SwiftyDrawExample.app; sourceTree = BUILT_PRODUCTS_DIR; };
		1671B1551DE8CBA100ED5239 /* AppDelegate.swift */ = {isa = PBXFileReference; lastKnownFileType = sourcecode.swift; path = AppDelegate.swift; sourceTree = "<group>"; };
		1671B1571DE8CBA100ED5239 /* ViewController.swift */ = {isa = PBXFileReference; lastKnownFileType = sourcecode.swift; path = ViewController.swift; sourceTree = "<group>"; };
		1671B15A1DE8CBA100ED5239 /* Base */ = {isa = PBXFileReference; lastKnownFileType = file.storyboard; name = Base; path = Base.lproj/Main.storyboard; sourceTree = "<group>"; };
		1671B15C1DE8CBA100ED5239 /* Assets.xcassets */ = {isa = PBXFileReference; lastKnownFileType = folder.assetcatalog; path = Assets.xcassets; sourceTree = "<group>"; };
		1671B15F1DE8CBA100ED5239 /* Base */ = {isa = PBXFileReference; lastKnownFileType = file.storyboard; name = Base; path = Base.lproj/LaunchScreen.storyboard; sourceTree = "<group>"; };
		1671B1611DE8CBA100ED5239 /* Info.plist */ = {isa = PBXFileReference; lastKnownFileType = text.plist.xml; path = Info.plist; sourceTree = "<group>"; };
		1671B1691DE8CC2F00ED5239 /* SwiftyDraw.swift */ = {isa = PBXFileReference; fileEncoding = 4; lastKnownFileType = sourcecode.swift; name = SwiftyDraw.swift; path = ../../Source/SwiftyDraw.swift; sourceTree = "<group>"; };
		1671B16B1DE8D95E00ED5239 /* ColorButton.swift */ = {isa = PBXFileReference; fileEncoding = 4; lastKnownFileType = sourcecode.swift; path = ColorButton.swift; sourceTree = "<group>"; };
		9D1CBC992021B51900C1D6DA /* SimpleVertexShader.glsl */ = {isa = PBXFileReference; fileEncoding = 4; lastKnownFileType = text; path = SimpleVertexShader.glsl; sourceTree = "<group>"; };
		9D1CBC9A2021B51900C1D6DA /* summary.txt */ = {isa = PBXFileReference; fileEncoding = 4; lastKnownFileType = text; path = summary.txt; sourceTree = "<group>"; };
		9D1CBC9B2021B51900C1D6DA /* SimpleFragmentShader.glsl */ = {isa = PBXFileReference; fileEncoding = 4; lastKnownFileType = text; path = SimpleFragmentShader.glsl; sourceTree = "<group>"; };
		9D1CBC9F2021B52600C1D6DA /* razewarelogo_128.png */ = {isa = PBXFileReference; lastKnownFileType = image.png; path = razewarelogo_128.png; sourceTree = "<group>"; };
		9D1CBCA02021B52600C1D6DA /* dice2.png */ = {isa = PBXFileReference; lastKnownFileType = image.png; path = dice2.png; sourceTree = "<group>"; };
		9D1CBCA12021B52600C1D6DA /* dice5.png */ = {isa = PBXFileReference; lastKnownFileType = image.png; path = dice5.png; sourceTree = "<group>"; };
		9D1CBCA22021B52600C1D6DA /* dice4.png */ = {isa = PBXFileReference; lastKnownFileType = image.png; path = dice4.png; sourceTree = "<group>"; };
		9D1CBCA32021B52600C1D6DA /* dice3.png */ = {isa = PBXFileReference; lastKnownFileType = image.png; path = dice3.png; sourceTree = "<group>"; };
		9D1CBCA42021B52600C1D6DA /* dice6.png */ = {isa = PBXFileReference; lastKnownFileType = image.png; path = dice6.png; sourceTree = "<group>"; };
		9D1CBCA52021B52600C1D6DA /* dice1.png */ = {isa = PBXFileReference; lastKnownFileType = image.png; path = dice1.png; sourceTree = "<group>"; };
		9D1CBCA62021B52600C1D6DA /* dungeon_01.png */ = {isa = PBXFileReference; lastKnownFileType = image.png; path = dungeon_01.png; sourceTree = "<group>"; };
		9D1CBCAF2021B53900C1D6DA /* BaseEffect.swift */ = {isa = PBXFileReference; fileEncoding = 4; lastKnownFileType = sourcecode.swift; path = BaseEffect.swift; sourceTree = "<group>"; };
		9D1CBCB12021B54A00C1D6DA /* GLKMatrix+Array.swift */ = {isa = PBXFileReference; fileEncoding = 4; lastKnownFileType = sourcecode.swift; path = "GLKMatrix+Array.swift"; sourceTree = "<group>"; };
		9D1CBCB22021B54A00C1D6DA /* Cube.swift */ = {isa = PBXFileReference; fileEncoding = 4; lastKnownFileType = sourcecode.swift; path = Cube.swift; sourceTree = "<group>"; };
		9D1CBCB32021B54A00C1D6DA /* Vertex.swift */ = {isa = PBXFileReference; fileEncoding = 4; lastKnownFileType = sourcecode.swift; path = Vertex.swift; sourceTree = "<group>"; };
		9D1CBCB42021B54A00C1D6DA /* Model.swift */ = {isa = PBXFileReference; fileEncoding = 4; lastKnownFileType = sourcecode.swift; path = Model.swift; sourceTree = "<group>"; };
		9D1CBCB52021B54B00C1D6DA /* Square.swift */ = {isa = PBXFileReference; fileEncoding = 4; lastKnownFileType = sourcecode.swift; path = Square.swift; sourceTree = "<group>"; };
		9D1CBCBB2021BBCD00C1D6DA /* ViewControllerGL.swift */ = {isa = PBXFileReference; lastKnownFileType = sourcecode.swift; path = ViewControllerGL.swift; sourceTree = "<group>"; };
		9D7289A4203AB6BB0060D42B /* Tetrahedron.swift */ = {isa = PBXFileReference; lastKnownFileType = sourcecode.swift; path = Tetrahedron.swift; sourceTree = "<group>"; };
		9D7289A6203AB6D70060D42B /* TriangularPole.swift */ = {isa = PBXFileReference; lastKnownFileType = sourcecode.swift; path = TriangularPole.swift; sourceTree = "<group>"; };
		9D7289AC203ABFCE0060D42B /* DataCenter.swift */ = {isa = PBXFileReference; lastKnownFileType = sourcecode.swift; path = DataCenter.swift; sourceTree = "<group>"; };
		D1A981C0202980C000504333 /* MainViewController.swift */ = {isa = PBXFileReference; lastKnownFileType = sourcecode.swift; path = MainViewController.swift; sourceTree = "<group>"; };
		D1A981C2202983D700504333 /* CustomCell.swift */ = {isa = PBXFileReference; lastKnownFileType = sourcecode.swift; path = CustomCell.swift; sourceTree = "<group>"; };
/* End PBXFileReference section */

/* Begin PBXFrameworksBuildPhase section */
		1671B14F1DE8CBA100ED5239 /* Frameworks */ = {
			isa = PBXFrameworksBuildPhase;
			buildActionMask = 2147483647;
			files = (
			);
			runOnlyForDeploymentPostprocessing = 0;
		};
/* End PBXFrameworksBuildPhase section */

/* Begin PBXGroup section */
		1671B1491DE8CBA100ED5239 = {
			isa = PBXGroup;
			children = (
				1671B1541DE8CBA100ED5239 /* SwiftyDrawExample */,
				1671B1531DE8CBA100ED5239 /* Products */,
			);
			sourceTree = "<group>";
		};
		1671B1531DE8CBA100ED5239 /* Products */ = {
			isa = PBXGroup;
			children = (
				1671B1521DE8CBA100ED5239 /* SwiftyDrawExample.app */,
			);
			name = Products;
			sourceTree = "<group>";
		};
		1671B1541DE8CBA100ED5239 /* SwiftyDrawExample */ = {
			isa = PBXGroup;
			children = (
				9D1CBCA52021B52600C1D6DA /* dice1.png */,
				9D1CBCA02021B52600C1D6DA /* dice2.png */,
				9D1CBCA32021B52600C1D6DA /* dice3.png */,
				9D1CBCA22021B52600C1D6DA /* dice4.png */,
				9D1CBCA12021B52600C1D6DA /* dice5.png */,
				9D1CBCA42021B52600C1D6DA /* dice6.png */,
				9D1CBCA62021B52600C1D6DA /* dungeon_01.png */,
				9D1CBC9F2021B52600C1D6DA /* razewarelogo_128.png */,
				9D1CBC982021B50200C1D6DA /* shader */,
				1671B1691DE8CC2F00ED5239 /* SwiftyDraw.swift */,
				9D1CBCAF2021B53900C1D6DA /* BaseEffect.swift */,
				1671B1551DE8CBA100ED5239 /* AppDelegate.swift */,
				9D1CBCB22021B54A00C1D6DA /* Cube.swift */,
				9D1CBCB12021B54A00C1D6DA /* GLKMatrix+Array.swift */,
				9D1CBCB42021B54A00C1D6DA /* Model.swift */,
				9D1CBCB52021B54B00C1D6DA /* Square.swift */,
				9D1CBCB32021B54A00C1D6DA /* Vertex.swift */,
				1671B1571DE8CBA100ED5239 /* ViewController.swift */,
				1671B16B1DE8D95E00ED5239 /* ColorButton.swift */,
				1671B1591DE8CBA100ED5239 /* Main.storyboard */,
				D1A981C0202980C000504333 /* MainViewController.swift */,
				1671B15C1DE8CBA100ED5239 /* Assets.xcassets */,
				1671B15E1DE8CBA100ED5239 /* LaunchScreen.storyboard */,
				1671B1611DE8CBA100ED5239 /* Info.plist */,
				9D1CBCBB2021BBCD00C1D6DA /* ViewControllerGL.swift */,
				D1A981C2202983D700504333 /* CustomCell.swift */,
				9D7289A4203AB6BB0060D42B /* Tetrahedron.swift */,
				9D7289A6203AB6D70060D42B /* TriangularPole.swift */,
				9D7289AC203ABFCE0060D42B /* DataCenter.swift */,
			);
			path = SwiftyDrawExample;
			sourceTree = "<group>";
		};
		9D1CBC982021B50200C1D6DA /* shader */ = {
			isa = PBXGroup;
			children = (
				9D1CBC9B2021B51900C1D6DA /* SimpleFragmentShader.glsl */,
				9D1CBC992021B51900C1D6DA /* SimpleVertexShader.glsl */,
				9D1CBC9A2021B51900C1D6DA /* summary.txt */,
			);
			path = shader;
			sourceTree = "<group>";
		};
/* End PBXGroup section */

/* Begin PBXNativeTarget section */
		1671B1511DE8CBA100ED5239 /* SwiftyDrawExample */ = {
			isa = PBXNativeTarget;
			buildConfigurationList = 1671B1641DE8CBA100ED5239 /* Build configuration list for PBXNativeTarget "SwiftyDrawExample" */;
			buildPhases = (
				1671B14E1DE8CBA100ED5239 /* Sources */,
				1671B14F1DE8CBA100ED5239 /* Frameworks */,
				1671B1501DE8CBA100ED5239 /* Resources */,
			);
			buildRules = (
			);
			dependencies = (
			);
			name = SwiftyDrawExample;
			productName = SwiftyDrawExample;
			productReference = 1671B1521DE8CBA100ED5239 /* SwiftyDrawExample.app */;
			productType = "com.apple.product-type.application";
		};
/* End PBXNativeTarget section */

/* Begin PBXProject section */
		1671B14A1DE8CBA100ED5239 /* Project object */ = {
			isa = PBXProject;
			attributes = {
				LastSwiftUpdateCheck = 0810;
				LastUpgradeCheck = 0810;
				ORGANIZATIONNAME = Walzy;
				TargetAttributes = {
					1671B1511DE8CBA100ED5239 = {
						CreatedOnToolsVersion = 8.1;
						DevelopmentTeam = 4QG3GC35LA;
						ProvisioningStyle = Automatic;
					};
				};
			};
			buildConfigurationList = 1671B14D1DE8CBA100ED5239 /* Build configuration list for PBXProject "SwiftyDrawExample" */;
			compatibilityVersion = "Xcode 3.2";
			developmentRegion = English;
			hasScannedForEncodings = 0;
			knownRegions = (
				en,
				Base,
			);
			mainGroup = 1671B1491DE8CBA100ED5239;
			productRefGroup = 1671B1531DE8CBA100ED5239 /* Products */;
			projectDirPath = "";
			projectRoot = "";
			targets = (
				1671B1511DE8CBA100ED5239 /* SwiftyDrawExample */,
			);
		};
/* End PBXProject section */

/* Begin PBXResourcesBuildPhase section */
		1671B1501DE8CBA100ED5239 /* Resources */ = {
			isa = PBXResourcesBuildPhase;
			buildActionMask = 2147483647;
			files = (
				1671B1601DE8CBA100ED5239 /* LaunchScreen.storyboard in Resources */,
				1671B15D1DE8CBA100ED5239 /* Assets.xcassets in Resources */,
				9D1CBC9D2021B51900C1D6DA /* summary.txt in Resources */,
				9D1CBCAA2021B52700C1D6DA /* dice4.png in Resources */,
				9D1CBCA82021B52700C1D6DA /* dice2.png in Resources */,
				9D1CBCAB2021B52700C1D6DA /* dice3.png in Resources */,
				9D1CBC9C2021B51900C1D6DA /* SimpleVertexShader.glsl in Resources */,
				9D1CBCAC2021B52700C1D6DA /* dice6.png in Resources */,
				9D1CBCA72021B52700C1D6DA /* razewarelogo_128.png in Resources */,
				9D1CBC9E2021B51900C1D6DA /* SimpleFragmentShader.glsl in Resources */,
				9D1CBCA92021B52700C1D6DA /* dice5.png in Resources */,
				9D1CBCAE2021B52700C1D6DA /* dungeon_01.png in Resources */,
				9D1CBCAD2021B52700C1D6DA /* dice1.png in Resources */,
				1671B15B1DE8CBA100ED5239 /* Main.storyboard in Resources */,
			);
			runOnlyForDeploymentPostprocessing = 0;
		};
/* End PBXResourcesBuildPhase section */

/* Begin PBXSourcesBuildPhase section */
		1671B14E1DE8CBA100ED5239 /* Sources */ = {
			isa = PBXSourcesBuildPhase;
			buildActionMask = 2147483647;
			files = (
				9D1CBCBA2021B54B00C1D6DA /* Square.swift in Sources */,
				D1A981C3202983D700504333 /* CustomCell.swift in Sources */,
				9D1CBCB92021B54B00C1D6DA /* Model.swift in Sources */,
				1671B1581DE8CBA100ED5239 /* ViewController.swift in Sources */,
				D1A981C1202980C000504333 /* MainViewController.swift in Sources */,
				1671B16A1DE8CC2F00ED5239 /* SwiftyDraw.swift in Sources */,
				9D7289AD203ABFCE0060D42B /* DataCenter.swift in Sources */,
				1671B1561DE8CBA100ED5239 /* AppDelegate.swift in Sources */,
				9D1CBCB62021B54B00C1D6DA /* GLKMatrix+Array.swift in Sources */,
				9D1CBCB02021B53900C1D6DA /* BaseEffect.swift in Sources */,
				9D1CBCB82021B54B00C1D6DA /* Vertex.swift in Sources */,
				9D1CBCBC2021BBCD00C1D6DA /* ViewControllerGL.swift in Sources */,
				9D1CBCB72021B54B00C1D6DA /* Cube.swift in Sources */,
				9D7289A7203AB6D70060D42B /* TriangularPole.swift in Sources */,
				9D7289A5203AB6BB0060D42B /* Tetrahedron.swift in Sources */,
				1671B16C1DE8D95E00ED5239 /* ColorButton.swift in Sources */,
			);
			runOnlyForDeploymentPostprocessing = 0;
		};
/* End PBXSourcesBuildPhase section */

/* Begin PBXVariantGroup section */
		1671B1591DE8CBA100ED5239 /* Main.storyboard */ = {
			isa = PBXVariantGroup;
			children = (
				1671B15A1DE8CBA100ED5239 /* Base */,
			);
			name = Main.storyboard;
			sourceTree = "<group>";
		};
		1671B15E1DE8CBA100ED5239 /* LaunchScreen.storyboard */ = {
			isa = PBXVariantGroup;
			children = (
				1671B15F1DE8CBA100ED5239 /* Base */,
			);
			name = LaunchScreen.storyboard;
			sourceTree = "<group>";
		};
/* End PBXVariantGroup section */

/* Begin XCBuildConfiguration section */
		1671B1621DE8CBA100ED5239 /* Debug */ = {
			isa = XCBuildConfiguration;
			buildSettings = {
				ALWAYS_SEARCH_USER_PATHS = NO;
				CLANG_ANALYZER_NONNULL = YES;
				CLANG_CXX_LANGUAGE_STANDARD = "gnu++0x";
				CLANG_CXX_LIBRARY = "libc++";
				CLANG_ENABLE_MODULES = YES;
				CLANG_ENABLE_OBJC_ARC = YES;
				CLANG_WARN_BOOL_CONVERSION = YES;
				CLANG_WARN_CONSTANT_CONVERSION = YES;
				CLANG_WARN_DIRECT_OBJC_ISA_USAGE = YES_ERROR;
				CLANG_WARN_DOCUMENTATION_COMMENTS = YES;
				CLANG_WARN_EMPTY_BODY = YES;
				CLANG_WARN_ENUM_CONVERSION = YES;
				CLANG_WARN_INFINITE_RECURSION = YES;
				CLANG_WARN_INT_CONVERSION = YES;
				CLANG_WARN_OBJC_ROOT_CLASS = YES_ERROR;
				CLANG_WARN_SUSPICIOUS_MOVES = YES;
				CLANG_WARN_UNREACHABLE_CODE = YES;
				CLANG_WARN__DUPLICATE_METHOD_MATCH = YES;
				"CODE_SIGN_IDENTITY[sdk=iphoneos*]" = "iPhone Developer";
				COPY_PHASE_STRIP = NO;
				DEBUG_INFORMATION_FORMAT = dwarf;
				ENABLE_STRICT_OBJC_MSGSEND = YES;
				ENABLE_TESTABILITY = YES;
				GCC_C_LANGUAGE_STANDARD = gnu99;
				GCC_DYNAMIC_NO_PIC = NO;
				GCC_NO_COMMON_BLOCKS = YES;
				GCC_OPTIMIZATION_LEVEL = 0;
				GCC_PREPROCESSOR_DEFINITIONS = (
					"DEBUG=1",
					"$(inherited)",
				);
				GCC_WARN_64_TO_32_BIT_CONVERSION = YES;
				GCC_WARN_ABOUT_RETURN_TYPE = YES_ERROR;
				GCC_WARN_UNDECLARED_SELECTOR = YES;
				GCC_WARN_UNINITIALIZED_AUTOS = YES_AGGRESSIVE;
				GCC_WARN_UNUSED_FUNCTION = YES;
				GCC_WARN_UNUSED_VARIABLE = YES;
				IPHONEOS_DEPLOYMENT_TARGET = 10.1;
				MTL_ENABLE_DEBUG_INFO = YES;
				ONLY_ACTIVE_ARCH = YES;
				SDKROOT = iphoneos;
				SWIFT_ACTIVE_COMPILATION_CONDITIONS = DEBUG;
				SWIFT_OPTIMIZATION_LEVEL = "-Onone";
			};
			name = Debug;
		};
		1671B1631DE8CBA100ED5239 /* Release */ = {
			isa = XCBuildConfiguration;
			buildSettings = {
				ALWAYS_SEARCH_USER_PATHS = NO;
				CLANG_ANALYZER_NONNULL = YES;
				CLANG_CXX_LANGUAGE_STANDARD = "gnu++0x";
				CLANG_CXX_LIBRARY = "libc++";
				CLANG_ENABLE_MODULES = YES;
				CLANG_ENABLE_OBJC_ARC = YES;
				CLANG_WARN_BOOL_CONVERSION = YES;
				CLANG_WARN_CONSTANT_CONVERSION = YES;
				CLANG_WARN_DIRECT_OBJC_ISA_USAGE = YES_ERROR;
				CLANG_WARN_DOCUMENTATION_COMMENTS = YES;
				CLANG_WARN_EMPTY_BODY = YES;
				CLANG_WARN_ENUM_CONVERSION = YES;
				CLANG_WARN_INFINITE_RECURSION = YES;
				CLANG_WARN_INT_CONVERSION = YES;
				CLANG_WARN_OBJC_ROOT_CLASS = YES_ERROR;
				CLANG_WARN_SUSPICIOUS_MOVES = YES;
				CLANG_WARN_UNREACHABLE_CODE = YES;
				CLANG_WARN__DUPLICATE_METHOD_MATCH = YES;
				"CODE_SIGN_IDENTITY[sdk=iphoneos*]" = "iPhone Developer";
				COPY_PHASE_STRIP = NO;
				DEBUG_INFORMATION_FORMAT = "dwarf-with-dsym";
				ENABLE_NS_ASSERTIONS = NO;
				ENABLE_STRICT_OBJC_MSGSEND = YES;
				GCC_C_LANGUAGE_STANDARD = gnu99;
				GCC_NO_COMMON_BLOCKS = YES;
				GCC_WARN_64_TO_32_BIT_CONVERSION = YES;
				GCC_WARN_ABOUT_RETURN_TYPE = YES_ERROR;
				GCC_WARN_UNDECLARED_SELECTOR = YES;
				GCC_WARN_UNINITIALIZED_AUTOS = YES_AGGRESSIVE;
				GCC_WARN_UNUSED_FUNCTION = YES;
				GCC_WARN_UNUSED_VARIABLE = YES;
				IPHONEOS_DEPLOYMENT_TARGET = 10.1;
				MTL_ENABLE_DEBUG_INFO = NO;
				SDKROOT = iphoneos;
				SWIFT_OPTIMIZATION_LEVEL = "-Owholemodule";
				VALIDATE_PRODUCT = YES;
			};
			name = Release;
		};
		1671B1651DE8CBA100ED5239 /* Debug */ = {
			isa = XCBuildConfiguration;
			buildSettings = {
				ASSETCATALOG_COMPILER_APPICON_NAME = AppIcon;
				DEVELOPMENT_TEAM = 4QG3GC35LA;
				INFOPLIST_FILE = SwiftyDrawExample/Info.plist;
				IPHONEOS_DEPLOYMENT_TARGET = 9.0;
				LD_RUNPATH_SEARCH_PATHS = "$(inherited) @executable_path/Frameworks";
				PRODUCT_BUNDLE_IDENTIFIER = com.codershigh.Dorinity;
				PRODUCT_NAME = "$(TARGET_NAME)";
				SWIFT_VERSION = 3.0;
				TARGETED_DEVICE_FAMILY = 2;
			};
			name = Debug;
		};
		1671B1661DE8CBA100ED5239 /* Release */ = {
			isa = XCBuildConfiguration;
			buildSettings = {
				ASSETCATALOG_COMPILER_APPICON_NAME = AppIcon;
				DEVELOPMENT_TEAM = 4QG3GC35LA;
				INFOPLIST_FILE = SwiftyDrawExample/Info.plist;
				IPHONEOS_DEPLOYMENT_TARGET = 9.0;
				LD_RUNPATH_SEARCH_PATHS = "$(inherited) @executable_path/Frameworks";
				PRODUCT_BUNDLE_IDENTIFIER = com.codershigh.Dorinity;
				PRODUCT_NAME = "$(TARGET_NAME)";
				SWIFT_VERSION = 3.0;
				TARGETED_DEVICE_FAMILY = 2;
			};
			name = Release;
		};
/* End XCBuildConfiguration section */

/* Begin XCConfigurationList section */
		1671B14D1DE8CBA100ED5239 /* Build configuration list for PBXProject "SwiftyDrawExample" */ = {
			isa = XCConfigurationList;
			buildConfigurations = (
				1671B1621DE8CBA100ED5239 /* Debug */,
				1671B1631DE8CBA100ED5239 /* Release */,
			);
			defaultConfigurationIsVisible = 0;
			defaultConfigurationName = Release;
		};
		1671B1641DE8CBA100ED5239 /* Build configuration list for PBXNativeTarget "SwiftyDrawExample" */ = {
			isa = XCConfigurationList;
			buildConfigurations = (
				1671B1651DE8CBA100ED5239 /* Debug */,
				1671B1661DE8CBA100ED5239 /* Release */,
			);
			defaultConfigurationIsVisible = 0;
			defaultConfigurationName = Release;
		};
/* End XCConfigurationList section */
	};
	rootObject = 1671B14A1DE8CBA100ED5239 /* Project object */;
}
