// !$*UTF8*$!
{
	archiveVersion = 1;
	classes = {
	};
	objectVersion = 48;
	objects = {

/* Begin PBXBuildFile section */
		9DBD33B62011CBB6000C2C2A /* AppDelegate.swift in Sources */ = {isa = PBXBuildFile; fileRef = 9DBD33B52011CBB6000C2C2A /* AppDelegate.swift */; };
		9DBD33B82011CBB6000C2C2A /* ViewController.swift in Sources */ = {isa = PBXBuildFile; fileRef = 9DBD33B72011CBB6000C2C2A /* ViewController.swift */; };
		9DBD33BB2011CBB6000C2C2A /* Main.storyboard in Resources */ = {isa = PBXBuildFile; fileRef = 9DBD33B92011CBB6000C2C2A /* Main.storyboard */; };
		9DBD33BD2011CBB6000C2C2A /* Assets.xcassets in Resources */ = {isa = PBXBuildFile; fileRef = 9DBD33BC2011CBB6000C2C2A /* Assets.xcassets */; };
		9DBD33C02011CBB6000C2C2A /* LaunchScreen.storyboard in Resources */ = {isa = PBXBuildFile; fileRef = 9DBD33BE2011CBB6000C2C2A /* LaunchScreen.storyboard */; };
		9DBD33CB2011CBB6000C2C2A /* DorinityTests.swift in Sources */ = {isa = PBXBuildFile; fileRef = 9DBD33CA2011CBB6000C2C2A /* DorinityTests.swift */; };
		9DBD33D62011CBB6000C2C2A /* DorinityUITests.swift in Sources */ = {isa = PBXBuildFile; fileRef = 9DBD33D52011CBB6000C2C2A /* DorinityUITests.swift */; };
/* End PBXBuildFile section */

/* Begin PBXContainerItemProxy section */
		9DBD33C72011CBB6000C2C2A /* PBXContainerItemProxy */ = {
			isa = PBXContainerItemProxy;
			containerPortal = 9DBD33AA2011CBB6000C2C2A /* Project object */;
			proxyType = 1;
			remoteGlobalIDString = 9DBD33B12011CBB6000C2C2A;
			remoteInfo = Dorinity;
		};
		9DBD33D22011CBB6000C2C2A /* PBXContainerItemProxy */ = {
			isa = PBXContainerItemProxy;
			containerPortal = 9DBD33AA2011CBB6000C2C2A /* Project object */;
			proxyType = 1;
			remoteGlobalIDString = 9DBD33B12011CBB6000C2C2A;
			remoteInfo = Dorinity;
		};
/* End PBXContainerItemProxy section */

/* Begin PBXFileReference section */
		9DBD33B22011CBB6000C2C2A /* Dorinity.app */ = {isa = PBXFileReference; explicitFileType = wrapper.application; includeInIndex = 0; path = Dorinity.app; sourceTree = BUILT_PRODUCTS_DIR; };
		9DBD33B52011CBB6000C2C2A /* AppDelegate.swift */ = {isa = PBXFileReference; lastKnownFileType = sourcecode.swift; path = AppDelegate.swift; sourceTree = "<group>"; };
		9DBD33B72011CBB6000C2C2A /* ViewController.swift */ = {isa = PBXFileReference; lastKnownFileType = sourcecode.swift; path = ViewController.swift; sourceTree = "<group>"; };
		9DBD33BA2011CBB6000C2C2A /* Base */ = {isa = PBXFileReference; lastKnownFileType = file.storyboard; name = Base; path = Base.lproj/Main.storyboard; sourceTree = "<group>"; };
		9DBD33BC2011CBB6000C2C2A /* Assets.xcassets */ = {isa = PBXFileReference; lastKnownFileType = folder.assetcatalog; path = Assets.xcassets; sourceTree = "<group>"; };
		9DBD33BF2011CBB6000C2C2A /* Base */ = {isa = PBXFileReference; lastKnownFileType = file.storyboard; name = Base; path = Base.lproj/LaunchScreen.storyboard; sourceTree = "<group>"; };
		9DBD33C12011CBB6000C2C2A /* Info.plist */ = {isa = PBXFileReference; lastKnownFileType = text.plist.xml; path = Info.plist; sourceTree = "<group>"; };
		9DBD33C62011CBB6000C2C2A /* DorinityTests.xctest */ = {isa = PBXFileReference; explicitFileType = wrapper.cfbundle; includeInIndex = 0; path = DorinityTests.xctest; sourceTree = BUILT_PRODUCTS_DIR; };
		9DBD33CA2011CBB6000C2C2A /* DorinityTests.swift */ = {isa = PBXFileReference; lastKnownFileType = sourcecode.swift; path = DorinityTests.swift; sourceTree = "<group>"; };
		9DBD33CC2011CBB6000C2C2A /* Info.plist */ = {isa = PBXFileReference; lastKnownFileType = text.plist.xml; path = Info.plist; sourceTree = "<group>"; };
		9DBD33D12011CBB6000C2C2A /* DorinityUITests.xctest */ = {isa = PBXFileReference; explicitFileType = wrapper.cfbundle; includeInIndex = 0; path = DorinityUITests.xctest; sourceTree = BUILT_PRODUCTS_DIR; };
		9DBD33D52011CBB6000C2C2A /* DorinityUITests.swift */ = {isa = PBXFileReference; lastKnownFileType = sourcecode.swift; path = DorinityUITests.swift; sourceTree = "<group>"; };
		9DBD33D72011CBB6000C2C2A /* Info.plist */ = {isa = PBXFileReference; lastKnownFileType = text.plist.xml; path = Info.plist; sourceTree = "<group>"; };
/* End PBXFileReference section */

/* Begin PBXFrameworksBuildPhase section */
		9DBD33AF2011CBB6000C2C2A /* Frameworks */ = {
			isa = PBXFrameworksBuildPhase;
			buildActionMask = 2147483647;
			files = (
			);
			runOnlyForDeploymentPostprocessing = 0;
		};
		9DBD33C32011CBB6000C2C2A /* Frameworks */ = {
			isa = PBXFrameworksBuildPhase;
			buildActionMask = 2147483647;
			files = (
			);
			runOnlyForDeploymentPostprocessing = 0;
		};
		9DBD33CE2011CBB6000C2C2A /* Frameworks */ = {
			isa = PBXFrameworksBuildPhase;
			buildActionMask = 2147483647;
			files = (
			);
			runOnlyForDeploymentPostprocessing = 0;
		};
/* End PBXFrameworksBuildPhase section */

/* Begin PBXGroup section */
		9DBD33A92011CBB6000C2C2A = {
			isa = PBXGroup;
			children = (
				9DBD33B42011CBB6000C2C2A /* Dorinity */,
				9DBD33C92011CBB6000C2C2A /* DorinityTests */,
				9DBD33D42011CBB6000C2C2A /* DorinityUITests */,
				9DBD33B32011CBB6000C2C2A /* Products */,
			);
			sourceTree = "<group>";
		};
		9DBD33B32011CBB6000C2C2A /* Products */ = {
			isa = PBXGroup;
			children = (
				9DBD33B22011CBB6000C2C2A /* Dorinity.app */,
				9DBD33C62011CBB6000C2C2A /* DorinityTests.xctest */,
				9DBD33D12011CBB6000C2C2A /* DorinityUITests.xctest */,
			);
			name = Products;
			sourceTree = "<group>";
		};
		9DBD33B42011CBB6000C2C2A /* Dorinity */ = {
			isa = PBXGroup;
			children = (
				9DBD33B52011CBB6000C2C2A /* AppDelegate.swift */,
				9DBD33B72011CBB6000C2C2A /* ViewController.swift */,
				9DBD33B92011CBB6000C2C2A /* Main.storyboard */,
				9DBD33BC2011CBB6000C2C2A /* Assets.xcassets */,
				9DBD33BE2011CBB6000C2C2A /* LaunchScreen.storyboard */,
				9DBD33C12011CBB6000C2C2A /* Info.plist */,
			);
			path = Dorinity;
			sourceTree = "<group>";
		};
		9DBD33C92011CBB6000C2C2A /* DorinityTests */ = {
			isa = PBXGroup;
			children = (
				9DBD33CA2011CBB6000C2C2A /* DorinityTests.swift */,
				9DBD33CC2011CBB6000C2C2A /* Info.plist */,
			);
			path = DorinityTests;
			sourceTree = "<group>";
		};
		9DBD33D42011CBB6000C2C2A /* DorinityUITests */ = {
			isa = PBXGroup;
			children = (
				9DBD33D52011CBB6000C2C2A /* DorinityUITests.swift */,
				9DBD33D72011CBB6000C2C2A /* Info.plist */,
			);
			path = DorinityUITests;
			sourceTree = "<group>";
		};
/* End PBXGroup section */

/* Begin PBXNativeTarget section */
		9DBD33B12011CBB6000C2C2A /* Dorinity */ = {
			isa = PBXNativeTarget;
			buildConfigurationList = 9DBD33DA2011CBB6000C2C2A /* Build configuration list for PBXNativeTarget "Dorinity" */;
			buildPhases = (
				9DBD33AE2011CBB6000C2C2A /* Sources */,
				9DBD33AF2011CBB6000C2C2A /* Frameworks */,
				9DBD33B02011CBB6000C2C2A /* Resources */,
			);
			buildRules = (
			);
			dependencies = (
			);
			name = Dorinity;
			productName = Dorinity;
			productReference = 9DBD33B22011CBB6000C2C2A /* Dorinity.app */;
			productType = "com.apple.product-type.application";
		};
		9DBD33C52011CBB6000C2C2A /* DorinityTests */ = {
			isa = PBXNativeTarget;
			buildConfigurationList = 9DBD33DD2011CBB6000C2C2A /* Build configuration list for PBXNativeTarget "DorinityTests" */;
			buildPhases = (
				9DBD33C22011CBB6000C2C2A /* Sources */,
				9DBD33C32011CBB6000C2C2A /* Frameworks */,
				9DBD33C42011CBB6000C2C2A /* Resources */,
			);
			buildRules = (
			);
			dependencies = (
				9DBD33C82011CBB6000C2C2A /* PBXTargetDependency */,
			);
			name = DorinityTests;
			productName = DorinityTests;
			productReference = 9DBD33C62011CBB6000C2C2A /* DorinityTests.xctest */;
			productType = "com.apple.product-type.bundle.unit-test";
		};
		9DBD33D02011CBB6000C2C2A /* DorinityUITests */ = {
			isa = PBXNativeTarget;
			buildConfigurationList = 9DBD33E02011CBB6000C2C2A /* Build configuration list for PBXNativeTarget "DorinityUITests" */;
			buildPhases = (
				9DBD33CD2011CBB6000C2C2A /* Sources */,
				9DBD33CE2011CBB6000C2C2A /* Frameworks */,
				9DBD33CF2011CBB6000C2C2A /* Resources */,
			);
			buildRules = (
			);
			dependencies = (
				9DBD33D32011CBB6000C2C2A /* PBXTargetDependency */,
			);
			name = DorinityUITests;
			productName = DorinityUITests;
			productReference = 9DBD33D12011CBB6000C2C2A /* DorinityUITests.xctest */;
			productType = "com.apple.product-type.bundle.ui-testing";
		};
/* End PBXNativeTarget section */

/* Begin PBXProject section */
		9DBD33AA2011CBB6000C2C2A /* Project object */ = {
			isa = PBXProject;
			attributes = {
				LastSwiftUpdateCheck = 0920;
				LastUpgradeCheck = 0920;
				ORGANIZATIONNAME = mme;
				TargetAttributes = {
					9DBD33B12011CBB6000C2C2A = {
						CreatedOnToolsVersion = 9.2;
						ProvisioningStyle = Automatic;
					};
					9DBD33C52011CBB6000C2C2A = {
						CreatedOnToolsVersion = 9.2;
						ProvisioningStyle = Automatic;
						TestTargetID = 9DBD33B12011CBB6000C2C2A;
					};
					9DBD33D02011CBB6000C2C2A = {
						CreatedOnToolsVersion = 9.2;
						ProvisioningStyle = Automatic;
						TestTargetID = 9DBD33B12011CBB6000C2C2A;
					};
				};
			};
			buildConfigurationList = 9DBD33AD2011CBB6000C2C2A /* Build configuration list for PBXProject "Dorinity" */;
			compatibilityVersion = "Xcode 8.0";
			developmentRegion = en;
			hasScannedForEncodings = 0;
			knownRegions = (
				en,
				Base,
			);
			mainGroup = 9DBD33A92011CBB6000C2C2A;
			productRefGroup = 9DBD33B32011CBB6000C2C2A /* Products */;
			projectDirPath = "";
			projectRoot = "";
			targets = (
				9DBD33B12011CBB6000C2C2A /* Dorinity */,
				9DBD33C52011CBB6000C2C2A /* DorinityTests */,
				9DBD33D02011CBB6000C2C2A /* DorinityUITests */,
			);
		};
/* End PBXProject section */

/* Begin PBXResourcesBuildPhase section */
		9DBD33B02011CBB6000C2C2A /* Resources */ = {
			isa = PBXResourcesBuildPhase;
			buildActionMask = 2147483647;
			files = (
				9DBD33C02011CBB6000C2C2A /* LaunchScreen.storyboard in Resources */,
				9DBD33BD2011CBB6000C2C2A /* Assets.xcassets in Resources */,
				9DBD33BB2011CBB6000C2C2A /* Main.storyboard in Resources */,
			);
			runOnlyForDeploymentPostprocessing = 0;
		};
		9DBD33C42011CBB6000C2C2A /* Resources */ = {
			isa = PBXResourcesBuildPhase;
			buildActionMask = 2147483647;
			files = (
			);
			runOnlyForDeploymentPostprocessing = 0;
		};
		9DBD33CF2011CBB6000C2C2A /* Resources */ = {
			isa = PBXResourcesBuildPhase;
			buildActionMask = 2147483647;
			files = (
			);
			runOnlyForDeploymentPostprocessing = 0;
		};
/* End PBXResourcesBuildPhase section */

/* Begin PBXSourcesBuildPhase section */
		9DBD33AE2011CBB6000C2C2A /* Sources */ = {
			isa = PBXSourcesBuildPhase;
			buildActionMask = 2147483647;
			files = (
				9DBD33B82011CBB6000C2C2A /* ViewController.swift in Sources */,
				9DBD33B62011CBB6000C2C2A /* AppDelegate.swift in Sources */,
			);
			runOnlyForDeploymentPostprocessing = 0;
		};
		9DBD33C22011CBB6000C2C2A /* Sources */ = {
			isa = PBXSourcesBuildPhase;
			buildActionMask = 2147483647;
			files = (
				9DBD33CB2011CBB6000C2C2A /* DorinityTests.swift in Sources */,
			);
			runOnlyForDeploymentPostprocessing = 0;
		};
		9DBD33CD2011CBB6000C2C2A /* Sources */ = {
			isa = PBXSourcesBuildPhase;
			buildActionMask = 2147483647;
			files = (
				9DBD33D62011CBB6000C2C2A /* DorinityUITests.swift in Sources */,
			);
			runOnlyForDeploymentPostprocessing = 0;
		};
/* End PBXSourcesBuildPhase section */

/* Begin PBXTargetDependency section */
		9DBD33C82011CBB6000C2C2A /* PBXTargetDependency */ = {
			isa = PBXTargetDependency;
			target = 9DBD33B12011CBB6000C2C2A /* Dorinity */;
			targetProxy = 9DBD33C72011CBB6000C2C2A /* PBXContainerItemProxy */;
		};
		9DBD33D32011CBB6000C2C2A /* PBXTargetDependency */ = {
			isa = PBXTargetDependency;
			target = 9DBD33B12011CBB6000C2C2A /* Dorinity */;
			targetProxy = 9DBD33D22011CBB6000C2C2A /* PBXContainerItemProxy */;
		};
/* End PBXTargetDependency section */

/* Begin PBXVariantGroup section */
		9DBD33B92011CBB6000C2C2A /* Main.storyboard */ = {
			isa = PBXVariantGroup;
			children = (
				9DBD33BA2011CBB6000C2C2A /* Base */,
			);
			name = Main.storyboard;
			sourceTree = "<group>";
		};
		9DBD33BE2011CBB6000C2C2A /* LaunchScreen.storyboard */ = {
			isa = PBXVariantGroup;
			children = (
				9DBD33BF2011CBB6000C2C2A /* Base */,
			);
			name = LaunchScreen.storyboard;
			sourceTree = "<group>";
		};
/* End PBXVariantGroup section */

/* Begin XCBuildConfiguration section */
		9DBD33D82011CBB6000C2C2A /* Debug */ = {
			isa = XCBuildConfiguration;
			buildSettings = {
				ALWAYS_SEARCH_USER_PATHS = NO;
				CLANG_ANALYZER_NONNULL = YES;
				CLANG_ANALYZER_NUMBER_OBJECT_CONVERSION = YES_AGGRESSIVE;
				CLANG_CXX_LANGUAGE_STANDARD = "gnu++14";
				CLANG_CXX_LIBRARY = "libc++";
				CLANG_ENABLE_MODULES = YES;
				CLANG_ENABLE_OBJC_ARC = YES;
				CLANG_WARN_BLOCK_CAPTURE_AUTORELEASING = YES;
				CLANG_WARN_BOOL_CONVERSION = YES;
				CLANG_WARN_COMMA = YES;
				CLANG_WARN_CONSTANT_CONVERSION = YES;
				CLANG_WARN_DIRECT_OBJC_ISA_USAGE = YES_ERROR;
				CLANG_WARN_DOCUMENTATION_COMMENTS = YES;
				CLANG_WARN_EMPTY_BODY = YES;
				CLANG_WARN_ENUM_CONVERSION = YES;
				CLANG_WARN_INFINITE_RECURSION = YES;
				CLANG_WARN_INT_CONVERSION = YES;
				CLANG_WARN_NON_LITERAL_NULL_CONVERSION = YES;
				CLANG_WARN_OBJC_LITERAL_CONVERSION = YES;
				CLANG_WARN_OBJC_ROOT_CLASS = YES_ERROR;
				CLANG_WARN_RANGE_LOOP_ANALYSIS = YES;
				CLANG_WARN_STRICT_PROTOTYPES = YES;
				CLANG_WARN_SUSPICIOUS_MOVE = YES;
				CLANG_WARN_UNGUARDED_AVAILABILITY = YES_AGGRESSIVE;
				CLANG_WARN_UNREACHABLE_CODE = YES;
				CLANG_WARN__DUPLICATE_METHOD_MATCH = YES;
				CODE_SIGN_IDENTITY = "iPhone Developer";
				COPY_PHASE_STRIP = NO;
				DEBUG_INFORMATION_FORMAT = dwarf;
				ENABLE_STRICT_OBJC_MSGSEND = YES;
				ENABLE_TESTABILITY = YES;
				GCC_C_LANGUAGE_STANDARD = gnu11;
				GCC_DYNAMIC_NO_PIC = NO;
				GCC_NO_COMMON_BLOCKS = YES;
				GCC_OPTIMIZATION_LEVEL = 0;
				GCC_PREPROCESSOR_DEFINITIONS = (
					"DEBUG=1",
					"$(inherited)",
				);
				GCC_WARN_64_TO_32_BIT_CONVERSION = YES;
				GCC_WARN_ABOUT_RETURN_TYPE = YES_ERROR;
				GCC_WARN_UNDECLARED_SELECTOR = YES;
				GCC_WARN_UNINITIALIZED_AUTOS = YES_AGGRESSIVE;
				GCC_WARN_UNUSED_FUNCTION = YES;
				GCC_WARN_UNUSED_VARIABLE = YES;
				IPHONEOS_DEPLOYMENT_TARGET = 11.2;
				MTL_ENABLE_DEBUG_INFO = YES;
				ONLY_ACTIVE_ARCH = YES;
				SDKROOT = iphoneos;
				SWIFT_ACTIVE_COMPILATION_CONDITIONS = DEBUG;
				SWIFT_OPTIMIZATION_LEVEL = "-Onone";
			};
			name = Debug;
		};
		9DBD33D92011CBB6000C2C2A /* Release */ = {
			isa = XCBuildConfiguration;
			buildSettings = {
				ALWAYS_SEARCH_USER_PATHS = NO;
				CLANG_ANALYZER_NONNULL = YES;
				CLANG_ANALYZER_NUMBER_OBJECT_CONVERSION = YES_AGGRESSIVE;
				CLANG_CXX_LANGUAGE_STANDARD = "gnu++14";
				CLANG_CXX_LIBRARY = "libc++";
				CLANG_ENABLE_MODULES = YES;
				CLANG_ENABLE_OBJC_ARC = YES;
				CLANG_WARN_BLOCK_CAPTURE_AUTORELEASING = YES;
				CLANG_WARN_BOOL_CONVERSION = YES;
				CLANG_WARN_COMMA = YES;
				CLANG_WARN_CONSTANT_CONVERSION = YES;
				CLANG_WARN_DIRECT_OBJC_ISA_USAGE = YES_ERROR;
				CLANG_WARN_DOCUMENTATION_COMMENTS = YES;
				CLANG_WARN_EMPTY_BODY = YES;
				CLANG_WARN_ENUM_CONVERSION = YES;
				CLANG_WARN_INFINITE_RECURSION = YES;
				CLANG_WARN_INT_CONVERSION = YES;
				CLANG_WARN_NON_LITERAL_NULL_CONVERSION = YES;
				CLANG_WARN_OBJC_LITERAL_CONVERSION = YES;
				CLANG_WARN_OBJC_ROOT_CLASS = YES_ERROR;
				CLANG_WARN_RANGE_LOOP_ANALYSIS = YES;
				CLANG_WARN_STRICT_PROTOTYPES = YES;
				CLANG_WARN_SUSPICIOUS_MOVE = YES;
				CLANG_WARN_UNGUARDED_AVAILABILITY = YES_AGGRESSIVE;
				CLANG_WARN_UNREACHABLE_CODE = YES;
				CLANG_WARN__DUPLICATE_METHOD_MATCH = YES;
				CODE_SIGN_IDENTITY = "iPhone Developer";
				COPY_PHASE_STRIP = NO;
				DEBUG_INFORMATION_FORMAT = "dwarf-with-dsym";
				ENABLE_NS_ASSERTIONS = NO;
				ENABLE_STRICT_OBJC_MSGSEND = YES;
				GCC_C_LANGUAGE_STANDARD = gnu11;
				GCC_NO_COMMON_BLOCKS = YES;
				GCC_WARN_64_TO_32_BIT_CONVERSION = YES;
				GCC_WARN_ABOUT_RETURN_TYPE = YES_ERROR;
				GCC_WARN_UNDECLARED_SELECTOR = YES;
				GCC_WARN_UNINITIALIZED_AUTOS = YES_AGGRESSIVE;
				GCC_WARN_UNUSED_FUNCTION = YES;
				GCC_WARN_UNUSED_VARIABLE = YES;
				IPHONEOS_DEPLOYMENT_TARGET = 11.2;
				MTL_ENABLE_DEBUG_INFO = NO;
				SDKROOT = iphoneos;
				SWIFT_OPTIMIZATION_LEVEL = "-Owholemodule";
				VALIDATE_PRODUCT = YES;
			};
			name = Release;
		};
		9DBD33DB2011CBB6000C2C2A /* Debug */ = {
			isa = XCBuildConfiguration;
			buildSettings = {
				ASSETCATALOG_COMPILER_APPICON_NAME = AppIcon;
				CODE_SIGN_STYLE = Automatic;
				INFOPLIST_FILE = Dorinity/Info.plist;
				LD_RUNPATH_SEARCH_PATHS = "$(inherited) @executable_path/Frameworks";
				PRODUCT_BUNDLE_IDENTIFIER = "-111.Dorinity";
				PRODUCT_NAME = "$(TARGET_NAME)";
				SWIFT_VERSION = 4.0;
				TARGETED_DEVICE_FAMILY = "1,2";
			};
			name = Debug;
		};
		9DBD33DC2011CBB6000C2C2A /* Release */ = {
			isa = XCBuildConfiguration;
			buildSettings = {
				ASSETCATALOG_COMPILER_APPICON_NAME = AppIcon;
				CODE_SIGN_STYLE = Automatic;
				INFOPLIST_FILE = Dorinity/Info.plist;
				LD_RUNPATH_SEARCH_PATHS = "$(inherited) @executable_path/Frameworks";
				PRODUCT_BUNDLE_IDENTIFIER = "-111.Dorinity";
				PRODUCT_NAME = "$(TARGET_NAME)";
				SWIFT_VERSION = 4.0;
				TARGETED_DEVICE_FAMILY = "1,2";
			};
			name = Release;
		};
		9DBD33DE2011CBB6000C2C2A /* Debug */ = {
			isa = XCBuildConfiguration;
			buildSettings = {
				ALWAYS_EMBED_SWIFT_STANDARD_LIBRARIES = YES;
				BUNDLE_LOADER = "$(TEST_HOST)";
				CODE_SIGN_STYLE = Automatic;
				INFOPLIST_FILE = DorinityTests/Info.plist;
				LD_RUNPATH_SEARCH_PATHS = "$(inherited) @executable_path/Frameworks @loader_path/Frameworks";
				PRODUCT_BUNDLE_IDENTIFIER = "-111.DorinityTests";
				PRODUCT_NAME = "$(TARGET_NAME)";
				SWIFT_VERSION = 4.0;
				TARGETED_DEVICE_FAMILY = "1,2";
				TEST_HOST = "$(BUILT_PRODUCTS_DIR)/Dorinity.app/Dorinity";
			};
			name = Debug;
		};
		9DBD33DF2011CBB6000C2C2A /* Release */ = {
			isa = XCBuildConfiguration;
			buildSettings = {
				ALWAYS_EMBED_SWIFT_STANDARD_LIBRARIES = YES;
				BUNDLE_LOADER = "$(TEST_HOST)";
				CODE_SIGN_STYLE = Automatic;
				INFOPLIST_FILE = DorinityTests/Info.plist;
				LD_RUNPATH_SEARCH_PATHS = "$(inherited) @executable_path/Frameworks @loader_path/Frameworks";
				PRODUCT_BUNDLE_IDENTIFIER = "-111.DorinityTests";
				PRODUCT_NAME = "$(TARGET_NAME)";
				SWIFT_VERSION = 4.0;
				TARGETED_DEVICE_FAMILY = "1,2";
				TEST_HOST = "$(BUILT_PRODUCTS_DIR)/Dorinity.app/Dorinity";
			};
			name = Release;
		};
		9DBD33E12011CBB6000C2C2A /* Debug */ = {
			isa = XCBuildConfiguration;
			buildSettings = {
				ALWAYS_EMBED_SWIFT_STANDARD_LIBRARIES = YES;
				CODE_SIGN_STYLE = Automatic;
				INFOPLIST_FILE = DorinityUITests/Info.plist;
				LD_RUNPATH_SEARCH_PATHS = "$(inherited) @executable_path/Frameworks @loader_path/Frameworks";
				PRODUCT_BUNDLE_IDENTIFIER = "-111.DorinityUITests";
				PRODUCT_NAME = "$(TARGET_NAME)";
				SWIFT_VERSION = 4.0;
				TARGETED_DEVICE_FAMILY = "1,2";
				TEST_TARGET_NAME = Dorinity;
			};
			name = Debug;
		};
		9DBD33E22011CBB6000C2C2A /* Release */ = {
			isa = XCBuildConfiguration;
			buildSettings = {
				ALWAYS_EMBED_SWIFT_STANDARD_LIBRARIES = YES;
				CODE_SIGN_STYLE = Automatic;
				INFOPLIST_FILE = DorinityUITests/Info.plist;
				LD_RUNPATH_SEARCH_PATHS = "$(inherited) @executable_path/Frameworks @loader_path/Frameworks";
				PRODUCT_BUNDLE_IDENTIFIER = "-111.DorinityUITests";
				PRODUCT_NAME = "$(TARGET_NAME)";
				SWIFT_VERSION = 4.0;
				TARGETED_DEVICE_FAMILY = "1,2";
				TEST_TARGET_NAME = Dorinity;
			};
			name = Release;
		};
/* End XCBuildConfiguration section */

/* Begin XCConfigurationList section */
		9DBD33AD2011CBB6000C2C2A /* Build configuration list for PBXProject "Dorinity" */ = {
			isa = XCConfigurationList;
			buildConfigurations = (
				9DBD33D82011CBB6000C2C2A /* Debug */,
				9DBD33D92011CBB6000C2C2A /* Release */,
			);
			defaultConfigurationIsVisible = 0;
			defaultConfigurationName = Release;
		};
		9DBD33DA2011CBB6000C2C2A /* Build configuration list for PBXNativeTarget "Dorinity" */ = {
			isa = XCConfigurationList;
			buildConfigurations = (
				9DBD33DB2011CBB6000C2C2A /* Debug */,
				9DBD33DC2011CBB6000C2C2A /* Release */,
			);
			defaultConfigurationIsVisible = 0;
			defaultConfigurationName = Release;
		};
		9DBD33DD2011CBB6000C2C2A /* Build configuration list for PBXNativeTarget "DorinityTests" */ = {
			isa = XCConfigurationList;
			buildConfigurations = (
				9DBD33DE2011CBB6000C2C2A /* Debug */,
				9DBD33DF2011CBB6000C2C2A /* Release */,
			);
			defaultConfigurationIsVisible = 0;
			defaultConfigurationName = Release;
		};
		9DBD33E02011CBB6000C2C2A /* Build configuration list for PBXNativeTarget "DorinityUITests" */ = {
			isa = XCConfigurationList;
			buildConfigurations = (
				9DBD33E12011CBB6000C2C2A /* Debug */,
				9DBD33E22011CBB6000C2C2A /* Release */,
			);
			defaultConfigurationIsVisible = 0;
			defaultConfigurationName = Release;
		};
/* End XCConfigurationList section */
	};
	rootObject = 9DBD33AA2011CBB6000C2C2A /* Project object */;
}
